PODS:
  - Braintree (3.5.0):
    - Braintree/API (= 3.5.0)
    - Braintree/Drop-In (= 3.5.0)
    - Braintree/Payments (= 3.5.0)
    - Braintree/PayPal (= 3.5.0)
    - Braintree/UI (= 3.5.0)
    - Braintree/Venmo (= 3.5.0)
  - Braintree/API (3.5.0)
  - Braintree/Drop-In (3.5.0):
    - Braintree/API
    - Braintree/Payments
    - Braintree/PayPal
    - Braintree/UI
    - Braintree/Venmo
  - Braintree/Payments (3.5.0):
    - Braintree/API
    - Braintree/PayPal
    - Braintree/Venmo
  - Braintree/PayPal (3.5.0):
    - Braintree/API
    - Braintree/UI
  - Braintree/UI (3.5.0):
    - Braintree/API
  - Braintree/Venmo (3.5.0):
    - Braintree/API

DEPENDENCIES:
  - Braintree

SPEC CHECKSUMS:
  Braintree: 24b38471685371dcfc4e629f7de99a535275d438

COCOAPODS: 0.35.0
