PODS:
  - Bolts (1.1.4)
  - Facebook-iOS-SDK (3.23.2):
    - Bolts (~> 1.0)
  - Parse (1.6.5):
    - Bolts (~> 1.1)
  - ParseCrashReporting (1.6.5):
    - Parse (~> 1.6.5)
  - ParseFacebookUtils (1.6.5):
    - Facebook-iOS-SDK (~> 3.20)
    - Parse (~> 1.6.5)

DEPENDENCIES:
  - Facebook-iOS-SDK (~> 3.23)
  - Parse (~> 1.6.2)
  - ParseCrashReporting (~> 1.6.2)
  - ParseFacebookUtils (~> 1.6)

SPEC CHECKSUMS:
  Bolts: dd9fb8433d67f5acc3b6b4d1379bbc5513d716c1
  Facebook-iOS-SDK: cd87f0b2f0c1d9574b44e8fa2baacc275524bac3
  Parse: a21db4037d70a68a4ec64ecc0f327ed475cc14f8
  ParseCrashReporting: bc2418de3e198d032e8263c68fa2b98d6bcd964e
  ParseFacebookUtils: 4d58d0f133fa1af52f3a8d5caaa55cd435118ac4

COCOAPODS: 0.35.0
