<?xml version="1.0" encoding="UTF-8"?>
<!DOCTYPE plist PUBLIC "-//Apple//DTD PLIST 1.0//EN" "http://www.apple.com/DTDs/PropertyList-1.0.dtd">
<plist version="1.0">
<dict>
	<key>archiveVersion</key>
	<string>1</string>
	<key>classes</key>
	<dict/>
	<key>objectVersion</key>
	<string>46</string>
	<key>objects</key>
	<dict>
		<key>068508C138C86F1EED8F7AE4</key>
		<dict>
			<key>includeInIndex</key>
			<string>1</string>
			<key>isa</key>
			<string>PBXFileReference</string>
			<key>lastKnownFileType</key>
			<string>text.xcconfig</string>
			<key>name</key>
			<string>Pods-TextCrunch.debug.xcconfig</string>
			<key>path</key>
			<string>Pods/Target Support Files/Pods-TextCrunch/Pods-TextCrunch.debug.xcconfig</string>
			<key>sourceTree</key>
			<string>&lt;group&gt;</string>
		</dict>
		<key>06CB0F84F254E8847AE1F657</key>
		<dict>
			<key>buildActionMask</key>
			<string>2147483647</string>
			<key>files</key>
			<array/>
			<key>inputPaths</key>
			<array/>
			<key>isa</key>
			<string>PBXShellScriptBuildPhase</string>
			<key>name</key>
			<string>Check Pods Manifest.lock</string>
			<key>outputPaths</key>
			<array/>
			<key>runOnlyForDeploymentPostprocessing</key>
			<string>0</string>
			<key>shellPath</key>
			<string>/bin/sh</string>
			<key>shellScript</key>
			<string>diff "${PODS_ROOT}/../Podfile.lock" "${PODS_ROOT}/Manifest.lock" &gt; /dev/null
if [[ $? != 0 ]] ; then
    cat &lt;&lt; EOM
error: The sandbox is not in sync with the Podfile.lock. Run 'pod install' or update your CocoaPods installation.
EOM
    exit 1
fi
</string>
			<key>showEnvVarsInLog</key>
			<string>0</string>
		</dict>
		<key>0C920E4F6664D1A92CBCA591</key>
		<dict>
			<key>fileRef</key>
			<string>272B0846C036B703D8260379</string>
			<key>isa</key>
			<string>PBXBuildFile</string>
		</dict>
		<key>12D7E8F8B6248EBCA1177BE9</key>
		<dict>
			<key>buildActionMask</key>
			<string>2147483647</string>
			<key>files</key>
			<array/>
			<key>inputPaths</key>
			<array/>
			<key>isa</key>
			<string>PBXShellScriptBuildPhase</string>
			<key>name</key>
			<string>Copy Pods Resources</string>
			<key>outputPaths</key>
			<array/>
			<key>runOnlyForDeploymentPostprocessing</key>
			<string>0</string>
			<key>shellPath</key>
			<string>/bin/sh</string>
			<key>shellScript</key>
			<string>"${SRCROOT}/Pods/Target Support Files/Pods-TextCrunch/Pods-TextCrunch-resources.sh"
</string>
			<key>showEnvVarsInLog</key>
			<string>0</string>
		</dict>
		<key>13C06A76BB7E3789FF2562A7</key>
		<dict>
			<key>includeInIndex</key>
			<string>1</string>
			<key>isa</key>
			<string>PBXFileReference</string>
			<key>lastKnownFileType</key>
			<string>text.xcconfig</string>
			<key>name</key>
			<string>Pods-TextCrunch.release.xcconfig</string>
			<key>path</key>
			<string>Pods/Target Support Files/Pods-TextCrunch/Pods-TextCrunch.release.xcconfig</string>
			<key>sourceTree</key>
			<string>&lt;group&gt;</string>
		</dict>
		<key>18B312C91A8432E8009EF22B</key>
		<dict>
			<key>fileRef</key>
			<string>658FD01A1A648861004D056D</string>
			<key>isa</key>
			<string>PBXBuildFile</string>
		</dict>
		<key>18B312CA1A8432EA009EF22B</key>
		<dict>
			<key>fileRef</key>
			<string>18B489961A7D5FAD00541D06</string>
			<key>isa</key>
			<string>PBXBuildFile</string>
		</dict>
		<key>18B312CB1A8432ED009EF22B</key>
		<dict>
			<key>fileRef</key>
			<string>18B489A61A82D7F300541D06</string>
			<key>isa</key>
			<string>PBXBuildFile</string>
		</dict>
		<key>18B312CC1A8432F0009EF22B</key>
		<dict>
			<key>fileRef</key>
			<string>18B4899E1A7D66E000541D06</string>
			<key>isa</key>
			<string>PBXBuildFile</string>
		</dict>
		<key>18B312CD1A8432F3009EF22B</key>
		<dict>
			<key>fileRef</key>
			<string>18B4899C1A7D66D100541D06</string>
			<key>isa</key>
			<string>PBXBuildFile</string>
		</dict>
		<key>18B312CE1A8432F7009EF22B</key>
		<dict>
			<key>fileRef</key>
			<string>18B4899A1A7D66C100541D06</string>
			<key>isa</key>
			<string>PBXBuildFile</string>
		</dict>
		<key>18B312CF1A8442B9009EF22B</key>
		<dict>
			<key>fileRef</key>
			<string>658FCFFA1A64789E004D056D</string>
			<key>isa</key>
			<string>PBXBuildFile</string>
		</dict>
		<key>18B489961A7D5FAD00541D06</key>
		<dict>
			<key>fileEncoding</key>
			<string>4</string>
			<key>isa</key>
			<string>PBXFileReference</string>
			<key>lastKnownFileType</key>
			<string>sourcecode.swift</string>
			<key>lineEnding</key>
			<string>0</string>
			<key>path</key>
			<string>UserController.swift</string>
			<key>sourceTree</key>
			<string>&lt;group&gt;</string>
			<key>xcLanguageSpecificationIdentifier</key>
			<string>xcode.lang.swift</string>
		</dict>
		<key>18B489971A7D5FAD00541D06</key>
		<dict>
			<key>fileRef</key>
			<string>18B489961A7D5FAD00541D06</string>
			<key>isa</key>
			<string>PBXBuildFile</string>
		</dict>
		<key>18B4899A1A7D66C100541D06</key>
		<dict>
			<key>fileEncoding</key>
			<string>4</string>
			<key>isa</key>
			<string>PBXFileReference</string>
			<key>lastKnownFileType</key>
			<string>sourcecode.swift</string>
			<key>path</key>
			<string>TwitterUserController.swift</string>
			<key>sourceTree</key>
			<string>&lt;group&gt;</string>
		</dict>
		<key>18B4899B1A7D66C100541D06</key>
		<dict>
			<key>fileRef</key>
			<string>18B4899A1A7D66C100541D06</string>
			<key>isa</key>
			<string>PBXBuildFile</string>
		</dict>
		<key>18B4899C1A7D66D100541D06</key>
		<dict>
			<key>fileEncoding</key>
			<string>4</string>
			<key>isa</key>
			<string>PBXFileReference</string>
			<key>lastKnownFileType</key>
			<string>sourcecode.swift</string>
			<key>path</key>
			<string>FBUserController.swift</string>
			<key>sourceTree</key>
			<string>&lt;group&gt;</string>
		</dict>
		<key>18B4899D1A7D66D100541D06</key>
		<dict>
			<key>fileRef</key>
			<string>18B4899C1A7D66D100541D06</string>
			<key>isa</key>
			<string>PBXBuildFile</string>
		</dict>
		<key>18B4899E1A7D66E000541D06</key>
		<dict>
			<key>fileEncoding</key>
			<string>4</string>
			<key>isa</key>
			<string>PBXFileReference</string>
			<key>lastKnownFileType</key>
			<string>sourcecode.swift</string>
			<key>path</key>
			<string>GoogleUserController.swift</string>
			<key>sourceTree</key>
			<string>&lt;group&gt;</string>
		</dict>
		<key>18B4899F1A7D66E000541D06</key>
		<dict>
			<key>fileRef</key>
			<string>18B4899E1A7D66E000541D06</string>
			<key>isa</key>
			<string>PBXBuildFile</string>
		</dict>
		<key>18B489A61A82D7F300541D06</key>
		<dict>
			<key>fileEncoding</key>
			<string>4</string>
			<key>isa</key>
			<string>PBXFileReference</string>
			<key>lastKnownFileType</key>
			<string>sourcecode.swift</string>
			<key>lineEnding</key>
			<string>0</string>
			<key>path</key>
			<string>ListingModel.swift</string>
			<key>sourceTree</key>
			<string>&lt;group&gt;</string>
			<key>xcLanguageSpecificationIdentifier</key>
			<string>xcode.lang.swift</string>
		</dict>
		<key>18B489A71A82D7F300541D06</key>
		<dict>
			<key>fileRef</key>
			<string>18B489A61A82D7F300541D06</string>
			<key>isa</key>
			<string>PBXBuildFile</string>
		</dict>
		<key>18B489A81A82DE2F00541D06</key>
		<dict>
			<key>fileEncoding</key>
			<string>4</string>
			<key>isa</key>
			<string>PBXFileReference</string>
			<key>lastKnownFileType</key>
			<string>sourcecode.swift</string>
			<key>lineEnding</key>
			<string>0</string>
			<key>path</key>
			<string>UserControllerTests.swift</string>
			<key>sourceTree</key>
			<string>&lt;group&gt;</string>
			<key>xcLanguageSpecificationIdentifier</key>
			<string>xcode.lang.swift</string>
		</dict>
		<key>272B0846C036B703D8260379</key>
		<dict>
			<key>explicitFileType</key>
			<string>archive.ar</string>
			<key>includeInIndex</key>
			<string>0</string>
			<key>isa</key>
			<string>PBXFileReference</string>
			<key>path</key>
			<string>libPods-TextCrunch.a</string>
			<key>sourceTree</key>
			<string>BUILT_PRODUCTS_DIR</string>
		</dict>
		<key>32C890AE1A7FC70A00196E47</key>
		<dict>
			<key>fileEncoding</key>
			<string>4</string>
			<key>isa</key>
			<string>PBXFileReference</string>
			<key>lastKnownFileType</key>
			<string>sourcecode.swift</string>
			<key>path</key>
			<string>ProfileViewController.swift</string>
			<key>sourceTree</key>
			<string>&lt;group&gt;</string>
		</dict>
		<key>32C890AF1A7FC70A00196E47</key>
		<dict>
			<key>fileRef</key>
			<string>32C890AE1A7FC70A00196E47</string>
			<key>isa</key>
			<string>PBXBuildFile</string>
		</dict>
		<key>655DEF8E1A8415D200931A3B</key>
		<dict>
			<key>buildActionMask</key>
			<string>2147483647</string>
			<key>files</key>
			<array>
				<string>655DEF9D1A8416DD00931A3B</string>
				<string>18B312C91A8432E8009EF22B</string>
				<string>18B312CA1A8432EA009EF22B</string>
				<string>18B312CF1A8442B9009EF22B</string>
				<string>18B312CE1A8432F7009EF22B</string>
				<string>18B312CD1A8432F3009EF22B</string>
				<string>18B312CB1A8432ED009EF22B</string>
				<string>18B312CC1A8432F0009EF22B</string>
			</array>
			<key>isa</key>
			<string>PBXSourcesBuildPhase</string>
			<key>runOnlyForDeploymentPostprocessing</key>
			<string>0</string>
		</dict>
		<key>655DEF8F1A8415D200931A3B</key>
		<dict>
			<key>buildActionMask</key>
			<string>2147483647</string>
			<key>files</key>
			<array/>
			<key>isa</key>
			<string>PBXFrameworksBuildPhase</string>
			<key>runOnlyForDeploymentPostprocessing</key>
			<string>0</string>
		</dict>
		<key>655DEF901A8415D200931A3B</key>
		<dict>
			<key>buildActionMask</key>
			<string>2147483647</string>
			<key>files</key>
			<array/>
			<key>isa</key>
			<string>PBXResourcesBuildPhase</string>
			<key>runOnlyForDeploymentPostprocessing</key>
			<string>0</string>
		</dict>
		<key>655DEF911A8415D200931A3B</key>
		<dict>
			<key>buildConfigurationList</key>
			<string>655DEF9A1A8415D200931A3B</string>
			<key>buildPhases</key>
			<array>
				<string>655DEF8E1A8415D200931A3B</string>
				<string>655DEF8F1A8415D200931A3B</string>
				<string>655DEF901A8415D200931A3B</string>
			</array>
			<key>buildRules</key>
			<array/>
			<key>dependencies</key>
			<array>
				<string>655DEF991A8415D200931A3B</string>
			</array>
			<key>isa</key>
			<string>PBXNativeTarget</string>
			<key>name</key>
			<string>TextCrunchTests</string>
			<key>productName</key>
			<string>TextCrunchTests</string>
			<key>productReference</key>
			<string>655DEF921A8415D200931A3B</string>
			<key>productType</key>
			<string>com.apple.product-type.bundle.unit-test</string>
		</dict>
		<key>655DEF921A8415D200931A3B</key>
		<dict>
			<key>explicitFileType</key>
			<string>wrapper.cfbundle</string>
			<key>includeInIndex</key>
			<string>0</string>
			<key>isa</key>
			<string>PBXFileReference</string>
			<key>path</key>
			<string>TextCrunchTests.xctest</string>
			<key>sourceTree</key>
			<string>BUILT_PRODUCTS_DIR</string>
		</dict>
		<key>655DEF931A8415D200931A3B</key>
		<dict>
			<key>children</key>
			<array>
				<string>18B489A81A82DE2F00541D06</string>
				<string>655DEF941A8415D200931A3B</string>
			</array>
			<key>isa</key>
			<string>PBXGroup</string>
			<key>path</key>
			<string>TextCrunchTests</string>
			<key>sourceTree</key>
			<string>&lt;group&gt;</string>
		</dict>
		<key>655DEF941A8415D200931A3B</key>
		<dict>
			<key>children</key>
			<array>
				<string>655DEF951A8415D200931A3B</string>
			</array>
			<key>isa</key>
			<string>PBXGroup</string>
			<key>name</key>
			<string>Supporting Files</string>
			<key>sourceTree</key>
			<string>&lt;group&gt;</string>
		</dict>
		<key>655DEF951A8415D200931A3B</key>
		<dict>
			<key>isa</key>
			<string>PBXFileReference</string>
			<key>lastKnownFileType</key>
			<string>text.plist.xml</string>
			<key>path</key>
			<string>Info.plist</string>
			<key>sourceTree</key>
			<string>&lt;group&gt;</string>
		</dict>
		<key>655DEF981A8415D200931A3B</key>
		<dict>
			<key>containerPortal</key>
			<string>658FCFED1A64789E004D056D</string>
			<key>isa</key>
			<string>PBXContainerItemProxy</string>
			<key>proxyType</key>
			<string>1</string>
			<key>remoteGlobalIDString</key>
			<string>658FCFF41A64789E004D056D</string>
			<key>remoteInfo</key>
			<string>TextCrunch</string>
		</dict>
		<key>655DEF991A8415D200931A3B</key>
		<dict>
			<key>isa</key>
			<string>PBXTargetDependency</string>
			<key>target</key>
			<string>658FCFF41A64789E004D056D</string>
			<key>targetProxy</key>
			<string>655DEF981A8415D200931A3B</string>
		</dict>
		<key>655DEF9A1A8415D200931A3B</key>
		<dict>
			<key>buildConfigurations</key>
			<array>
				<string>655DEF9B1A8415D200931A3B</string>
				<string>655DEF9C1A8415D200931A3B</string>
			</array>
			<key>defaultConfigurationIsVisible</key>
			<string>0</string>
			<key>defaultConfigurationName</key>
			<string>Release</string>
			<key>isa</key>
			<string>XCConfigurationList</string>
		</dict>
		<key>655DEF9B1A8415D200931A3B</key>
		<dict>
			<key>buildSettings</key>
			<dict>
				<key>BUNDLE_LOADER</key>
				<string>$(TEST_HOST)</string>
				<key>FRAMEWORK_SEARCH_PATHS</key>
				<array>
					<string>$(SDKROOT)/Developer/Library/Frameworks</string>
					<string>$(inherited)</string>
				</array>
				<key>GCC_PREPROCESSOR_DEFINITIONS</key>
				<array>
					<string>DEBUG=1</string>
					<string>$(inherited)</string>
				</array>
				<key>INFOPLIST_FILE</key>
				<string>TextCrunchTests/Info.plist</string>
				<key>IPHONEOS_DEPLOYMENT_TARGET</key>
				<string>8.1</string>
				<key>LD_RUNPATH_SEARCH_PATHS</key>
				<string>$(inherited) @executable_path/Frameworks @loader_path/Frameworks</string>
				<key>PRODUCT_NAME</key>
				<string>$(TARGET_NAME)</string>
				<key>TEST_HOST</key>
				<string>$(BUILT_PRODUCTS_DIR)/TextCrunch.app/TextCrunch</string>
			</dict>
			<key>isa</key>
			<string>XCBuildConfiguration</string>
			<key>name</key>
			<string>Debug</string>
		</dict>
		<key>655DEF9C1A8415D200931A3B</key>
		<dict>
			<key>buildSettings</key>
			<dict>
				<key>BUNDLE_LOADER</key>
				<string>$(TEST_HOST)</string>
				<key>FRAMEWORK_SEARCH_PATHS</key>
				<array>
					<string>$(SDKROOT)/Developer/Library/Frameworks</string>
					<string>$(inherited)</string>
				</array>
				<key>INFOPLIST_FILE</key>
				<string>TextCrunchTests/Info.plist</string>
				<key>IPHONEOS_DEPLOYMENT_TARGET</key>
				<string>8.1</string>
				<key>LD_RUNPATH_SEARCH_PATHS</key>
				<string>$(inherited) @executable_path/Frameworks @loader_path/Frameworks</string>
				<key>PRODUCT_NAME</key>
				<string>$(TARGET_NAME)</string>
				<key>TEST_HOST</key>
				<string>$(BUILT_PRODUCTS_DIR)/TextCrunch.app/TextCrunch</string>
			</dict>
			<key>isa</key>
			<string>XCBuildConfiguration</string>
			<key>name</key>
			<string>Release</string>
		</dict>
		<key>655DEF9D1A8416DD00931A3B</key>
		<dict>
			<key>fileRef</key>
			<string>18B489A81A82DE2F00541D06</string>
			<key>isa</key>
			<string>PBXBuildFile</string>
		</dict>
		<key>658FCFEC1A64789E004D056D</key>
		<dict>
			<key>children</key>
			<array>
				<string>65A9FD2B1A705B400095F48C</string>
				<string>65A9FD271A705A9B0095F48C</string>
				<string>65A9FD251A705A910095F48C</string>
				<string>65A9FD231A705A8A0095F48C</string>
				<string>65A9FD211A705A820095F48C</string>
				<string>65A9FD1F1A705A7B0095F48C</string>
				<string>65A9FD1D1A705A710095F48C</string>
				<string>65A9FD1B1A705A670095F48C</string>
				<string>65A9FD191A705A5D0095F48C</string>
				<string>65A9FD171A705A460095F48C</string>
				<string>65A9FD151A705A3B0095F48C</string>
				<string>658FCFF71A64789E004D056D</string>
				<string>655DEF931A8415D200931A3B</string>
				<string>658FCFF61A64789E004D056D</string>
				<string>AD73EC2E505D03FEF98DADE1</string>
				<string>C57A014884DC5D1A76B6E9BD</string>
			</array>
			<key>isa</key>
			<string>PBXGroup</string>
			<key>sourceTree</key>
			<string>&lt;group&gt;</string>
		</dict>
		<key>658FCFED1A64789E004D056D</key>
		<dict>
			<key>attributes</key>
			<dict>
				<key>LastUpgradeCheck</key>
				<string>0610</string>
				<key>ORGANIZATIONNAME</key>
				<string>Text Crunch</string>
				<key>TargetAttributes</key>
				<dict>
					<key>655DEF911A8415D200931A3B</key>
					<dict>
						<key>CreatedOnToolsVersion</key>
						<string>6.1.1</string>
						<key>TestTargetID</key>
						<string>658FCFF41A64789E004D056D</string>
					</dict>
					<key>658FCFF41A64789E004D056D</key>
					<dict>
						<key>CreatedOnToolsVersion</key>
						<string>6.1.1</string>
					</dict>
				</dict>
			</dict>
			<key>buildConfigurationList</key>
			<string>658FCFF01A64789E004D056D</string>
			<key>compatibilityVersion</key>
			<string>Xcode 3.2</string>
			<key>developmentRegion</key>
			<string>English</string>
			<key>hasScannedForEncodings</key>
			<string>0</string>
			<key>isa</key>
			<string>PBXProject</string>
			<key>knownRegions</key>
			<array>
				<string>en</string>
				<string>Base</string>
			</array>
			<key>mainGroup</key>
			<string>658FCFEC1A64789E004D056D</string>
			<key>productRefGroup</key>
			<string>658FCFF61A64789E004D056D</string>
			<key>projectDirPath</key>
			<string></string>
			<key>projectReferences</key>
			<array/>
			<key>projectRoot</key>
			<string></string>
			<key>targets</key>
			<array>
				<string>658FCFF41A64789E004D056D</string>
				<string>655DEF911A8415D200931A3B</string>
			</array>
		</dict>
		<key>658FCFF01A64789E004D056D</key>
		<dict>
			<key>buildConfigurations</key>
			<array>
				<string>658FD0121A64789E004D056D</string>
				<string>658FD0131A64789E004D056D</string>
			</array>
			<key>defaultConfigurationIsVisible</key>
			<string>0</string>
			<key>defaultConfigurationName</key>
			<string>Release</string>
			<key>isa</key>
			<string>XCConfigurationList</string>
		</dict>
		<key>658FCFF11A64789E004D056D</key>
		<dict>
			<key>buildActionMask</key>
			<string>2147483647</string>
			<key>files</key>
			<array>
				<string>18B489971A7D5FAD00541D06</string>
				<string>658FCFFD1A64789E004D056D</string>
				<string>18B4899F1A7D66E000541D06</string>
				<string>18B489A71A82D7F300541D06</string>
				<string>18B4899D1A7D66D100541D06</string>
				<string>658FCFFB1A64789E004D056D</string>
				<string>18B4899B1A7D66C100541D06</string>
				<string>32C890AF1A7FC70A00196E47</string>
				<string>658FD01B1A648861004D056D</string>
			</array>
			<key>isa</key>
			<string>PBXSourcesBuildPhase</string>
			<key>runOnlyForDeploymentPostprocessing</key>
			<string>0</string>
		</dict>
		<key>658FCFF21A64789E004D056D</key>
		<dict>
			<key>buildActionMask</key>
			<string>2147483647</string>
			<key>files</key>
			<array>
				<string>65A9FD2C1A705B400095F48C</string>
				<string>65A9FD281A705A9B0095F48C</string>
				<string>65A9FD261A705A910095F48C</string>
				<string>65A9FD241A705A8A0095F48C</string>
				<string>65A9FD221A705A820095F48C</string>
				<string>65A9FD201A705A7B0095F48C</string>
				<string>65A9FD1E1A705A710095F48C</string>
				<string>65A9FD1C1A705A670095F48C</string>
				<string>65A9FD1A1A705A5D0095F48C</string>
				<string>65A9FD181A705A460095F48C</string>
				<string>65A9FD161A705A3B0095F48C</string>
				<string>0C920E4F6664D1A92CBCA591</string>
			</array>
			<key>isa</key>
			<string>PBXFrameworksBuildPhase</string>
			<key>runOnlyForDeploymentPostprocessing</key>
			<string>0</string>
		</dict>
		<key>658FCFF31A64789E004D056D</key>
		<dict>
			<key>buildActionMask</key>
			<string>2147483647</string>
			<key>files</key>
			<array>
				<string>658FD0001A64789E004D056D</string>
				<string>658FD0051A64789E004D056D</string>
				<string>658FD0021A64789E004D056D</string>
			</array>
			<key>isa</key>
			<string>PBXResourcesBuildPhase</string>
			<key>runOnlyForDeploymentPostprocessing</key>
			<string>0</string>
		</dict>
		<key>658FCFF41A64789E004D056D</key>
		<dict>
			<key>buildConfigurationList</key>
			<string>658FD0141A64789E004D056D</string>
			<key>buildPhases</key>
			<array>
				<string>06CB0F84F254E8847AE1F657</string>
				<string>658FCFF11A64789E004D056D</string>
				<string>658FCFF21A64789E004D056D</string>
				<string>658FCFF31A64789E004D056D</string>
				<string>12D7E8F8B6248EBCA1177BE9</string>
			</array>
			<key>buildRules</key>
			<array/>
			<key>dependencies</key>
			<array/>
			<key>isa</key>
			<string>PBXNativeTarget</string>
			<key>name</key>
			<string>TextCrunch</string>
			<key>productName</key>
			<string>TextCrunch</string>
			<key>productReference</key>
			<string>658FCFF51A64789E004D056D</string>
			<key>productType</key>
			<string>com.apple.product-type.application</string>
		</dict>
		<key>658FCFF51A64789E004D056D</key>
		<dict>
			<key>explicitFileType</key>
			<string>wrapper.application</string>
			<key>includeInIndex</key>
			<string>0</string>
			<key>isa</key>
			<string>PBXFileReference</string>
			<key>path</key>
			<string>TextCrunch.app</string>
			<key>sourceTree</key>
			<string>BUILT_PRODUCTS_DIR</string>
		</dict>
		<key>658FCFF61A64789E004D056D</key>
		<dict>
			<key>children</key>
			<array>
				<string>658FCFF51A64789E004D056D</string>
				<string>655DEF921A8415D200931A3B</string>
			</array>
			<key>isa</key>
			<string>PBXGroup</string>
			<key>name</key>
			<string>Products</string>
			<key>sourceTree</key>
			<string>&lt;group&gt;</string>
		</dict>
		<key>658FCFF71A64789E004D056D</key>
		<dict>
			<key>children</key>
			<array>
				<string>658FCFFA1A64789E004D056D</string>
				<string>658FCFFC1A64789E004D056D</string>
				<string>658FCFFE1A64789E004D056D</string>
				<string>32C890AE1A7FC70A00196E47</string>
				<string>658FD0011A64789E004D056D</string>
				<string>658FD0031A64789E004D056D</string>
				<string>658FCFF81A64789E004D056D</string>
				<string>658FD01A1A648861004D056D</string>
				<string>65A9FD0E1A70571B0095F48C</string>
				<string>18B489961A7D5FAD00541D06</string>
				<string>18B4899A1A7D66C100541D06</string>
				<string>18B4899C1A7D66D100541D06</string>
				<string>18B4899E1A7D66E000541D06</string>
				<string>18B489A61A82D7F300541D06</string>
			</array>
			<key>isa</key>
			<string>PBXGroup</string>
			<key>path</key>
			<string>TextCrunch</string>
			<key>sourceTree</key>
			<string>&lt;group&gt;</string>
		</dict>
		<key>658FCFF81A64789E004D056D</key>
		<dict>
			<key>children</key>
			<array>
				<string>658FCFF91A64789E004D056D</string>
			</array>
			<key>isa</key>
			<string>PBXGroup</string>
			<key>name</key>
			<string>Supporting Files</string>
			<key>sourceTree</key>
			<string>&lt;group&gt;</string>
		</dict>
		<key>658FCFF91A64789E004D056D</key>
		<dict>
			<key>isa</key>
			<string>PBXFileReference</string>
			<key>lastKnownFileType</key>
			<string>text.plist.xml</string>
			<key>path</key>
			<string>Info.plist</string>
			<key>sourceTree</key>
			<string>&lt;group&gt;</string>
		</dict>
		<key>658FCFFA1A64789E004D056D</key>
		<dict>
			<key>isa</key>
			<string>PBXFileReference</string>
			<key>lastKnownFileType</key>
			<string>sourcecode.swift</string>
			<key>path</key>
			<string>AppDelegate.swift</string>
			<key>sourceTree</key>
			<string>&lt;group&gt;</string>
		</dict>
		<key>658FCFFB1A64789E004D056D</key>
		<dict>
			<key>fileRef</key>
			<string>658FCFFA1A64789E004D056D</string>
			<key>isa</key>
			<string>PBXBuildFile</string>
		</dict>
		<key>658FCFFC1A64789E004D056D</key>
		<dict>
			<key>isa</key>
			<string>PBXFileReference</string>
			<key>lastKnownFileType</key>
			<string>sourcecode.swift</string>
			<key>path</key>
			<string>ViewController.swift</string>
			<key>sourceTree</key>
			<string>&lt;group&gt;</string>
		</dict>
		<key>658FCFFD1A64789E004D056D</key>
		<dict>
			<key>fileRef</key>
			<string>658FCFFC1A64789E004D056D</string>
			<key>isa</key>
			<string>PBXBuildFile</string>
		</dict>
		<key>658FCFFE1A64789E004D056D</key>
		<dict>
			<key>children</key>
			<array>
				<string>658FCFFF1A64789E004D056D</string>
			</array>
			<key>isa</key>
			<string>PBXVariantGroup</string>
			<key>name</key>
			<string>Main.storyboard</string>
			<key>sourceTree</key>
			<string>&lt;group&gt;</string>
		</dict>
		<key>658FCFFF1A64789E004D056D</key>
		<dict>
			<key>isa</key>
			<string>PBXFileReference</string>
			<key>lastKnownFileType</key>
			<string>file.storyboard</string>
			<key>name</key>
			<string>Base</string>
			<key>path</key>
			<string>Base.lproj/Main.storyboard</string>
			<key>sourceTree</key>
			<string>&lt;group&gt;</string>
		</dict>
		<key>658FD0001A64789E004D056D</key>
		<dict>
			<key>fileRef</key>
			<string>658FCFFE1A64789E004D056D</string>
			<key>isa</key>
			<string>PBXBuildFile</string>
		</dict>
		<key>658FD0011A64789E004D056D</key>
		<dict>
			<key>isa</key>
			<string>PBXFileReference</string>
			<key>lastKnownFileType</key>
			<string>folder.assetcatalog</string>
			<key>path</key>
			<string>Images.xcassets</string>
			<key>sourceTree</key>
			<string>&lt;group&gt;</string>
		</dict>
		<key>658FD0021A64789E004D056D</key>
		<dict>
			<key>fileRef</key>
			<string>658FD0011A64789E004D056D</string>
			<key>isa</key>
			<string>PBXBuildFile</string>
		</dict>
		<key>658FD0031A64789E004D056D</key>
		<dict>
			<key>children</key>
			<array>
				<string>658FD0041A64789E004D056D</string>
			</array>
			<key>isa</key>
			<string>PBXVariantGroup</string>
			<key>name</key>
			<string>LaunchScreen.xib</string>
			<key>sourceTree</key>
			<string>&lt;group&gt;</string>
		</dict>
		<key>658FD0041A64789E004D056D</key>
		<dict>
			<key>isa</key>
			<string>PBXFileReference</string>
			<key>lastKnownFileType</key>
			<string>file.xib</string>
			<key>name</key>
			<string>Base</string>
			<key>path</key>
			<string>Base.lproj/LaunchScreen.xib</string>
			<key>sourceTree</key>
			<string>&lt;group&gt;</string>
		</dict>
		<key>658FD0051A64789E004D056D</key>
		<dict>
			<key>fileRef</key>
			<string>658FD0031A64789E004D056D</string>
			<key>isa</key>
			<string>PBXBuildFile</string>
		</dict>
		<key>658FD0121A64789E004D056D</key>
		<dict>
			<key>baseConfigurationReference</key>
			<string>068508C138C86F1EED8F7AE4</string>
			<key>buildSettings</key>
			<dict>
				<key>ALWAYS_SEARCH_USER_PATHS</key>
				<string>NO</string>
				<key>CLANG_CXX_LANGUAGE_STANDARD</key>
				<string>gnu++0x</string>
				<key>CLANG_CXX_LIBRARY</key>
				<string>libc++</string>
				<key>CLANG_ENABLE_MODULES</key>
				<string>YES</string>
				<key>CLANG_ENABLE_OBJC_ARC</key>
				<string>YES</string>
				<key>CLANG_WARN_BOOL_CONVERSION</key>
				<string>YES</string>
				<key>CLANG_WARN_CONSTANT_CONVERSION</key>
				<string>YES</string>
				<key>CLANG_WARN_DIRECT_OBJC_ISA_USAGE</key>
				<string>YES_ERROR</string>
				<key>CLANG_WARN_EMPTY_BODY</key>
				<string>YES</string>
				<key>CLANG_WARN_ENUM_CONVERSION</key>
				<string>YES</string>
				<key>CLANG_WARN_INT_CONVERSION</key>
				<string>YES</string>
				<key>CLANG_WARN_OBJC_ROOT_CLASS</key>
				<string>YES_ERROR</string>
				<key>CLANG_WARN_UNREACHABLE_CODE</key>
				<string>YES</string>
				<key>CLANG_WARN__DUPLICATE_METHOD_MATCH</key>
				<string>YES</string>
				<key>CODE_SIGN_IDENTITY[sdk=iphoneos*]</key>
				<string>iPhone Developer</string>
				<key>COPY_PHASE_STRIP</key>
				<string>NO</string>
				<key>ENABLE_STRICT_OBJC_MSGSEND</key>
				<string>YES</string>
				<key>GCC_C_LANGUAGE_STANDARD</key>
				<string>gnu99</string>
				<key>GCC_DYNAMIC_NO_PIC</key>
				<string>NO</string>
				<key>GCC_OPTIMIZATION_LEVEL</key>
				<string>0</string>
				<key>GCC_PREPROCESSOR_DEFINITIONS</key>
				<array>
					<string>DEBUG=1</string>
					<string>$(inherited)</string>
				</array>
				<key>GCC_SYMBOLS_PRIVATE_EXTERN</key>
				<string>NO</string>
				<key>GCC_WARN_64_TO_32_BIT_CONVERSION</key>
				<string>YES</string>
				<key>GCC_WARN_ABOUT_RETURN_TYPE</key>
				<string>YES_ERROR</string>
				<key>GCC_WARN_UNDECLARED_SELECTOR</key>
				<string>YES</string>
				<key>GCC_WARN_UNINITIALIZED_AUTOS</key>
				<string>YES_AGGRESSIVE</string>
				<key>GCC_WARN_UNUSED_FUNCTION</key>
				<string>YES</string>
				<key>GCC_WARN_UNUSED_VARIABLE</key>
				<string>YES</string>
				<key>IPHONEOS_DEPLOYMENT_TARGET</key>
				<string>8.1</string>
				<key>MTL_ENABLE_DEBUG_INFO</key>
				<string>YES</string>
				<key>ONLY_ACTIVE_ARCH</key>
				<string>YES</string>
				<key>SDKROOT</key>
				<string>iphoneos</string>
				<key>SWIFT_OBJC_BRIDGING_HEADER</key>
				<string>TextCrunch/TextCrunch-Bridging-Header.h</string>
				<key>SWIFT_OPTIMIZATION_LEVEL</key>
				<string>-Onone</string>
				<key>TARGETED_DEVICE_FAMILY</key>
				<string>1,2</string>
			</dict>
			<key>isa</key>
			<string>XCBuildConfiguration</string>
			<key>name</key>
			<string>Debug</string>
		</dict>
		<key>658FD0131A64789E004D056D</key>
		<dict>
			<key>baseConfigurationReference</key>
			<string>13C06A76BB7E3789FF2562A7</string>
			<key>buildSettings</key>
			<dict>
				<key>ALWAYS_SEARCH_USER_PATHS</key>
				<string>NO</string>
				<key>CLANG_CXX_LANGUAGE_STANDARD</key>
				<string>gnu++0x</string>
				<key>CLANG_CXX_LIBRARY</key>
				<string>libc++</string>
				<key>CLANG_ENABLE_MODULES</key>
				<string>YES</string>
				<key>CLANG_ENABLE_OBJC_ARC</key>
				<string>YES</string>
				<key>CLANG_WARN_BOOL_CONVERSION</key>
				<string>YES</string>
				<key>CLANG_WARN_CONSTANT_CONVERSION</key>
				<string>YES</string>
				<key>CLANG_WARN_DIRECT_OBJC_ISA_USAGE</key>
				<string>YES_ERROR</string>
				<key>CLANG_WARN_EMPTY_BODY</key>
				<string>YES</string>
				<key>CLANG_WARN_ENUM_CONVERSION</key>
				<string>YES</string>
				<key>CLANG_WARN_INT_CONVERSION</key>
				<string>YES</string>
				<key>CLANG_WARN_OBJC_ROOT_CLASS</key>
				<string>YES_ERROR</string>
				<key>CLANG_WARN_UNREACHABLE_CODE</key>
				<string>YES</string>
				<key>CLANG_WARN__DUPLICATE_METHOD_MATCH</key>
				<string>YES</string>
				<key>CODE_SIGN_IDENTITY[sdk=iphoneos*]</key>
				<string>iPhone Developer</string>
				<key>COPY_PHASE_STRIP</key>
				<string>YES</string>
				<key>ENABLE_NS_ASSERTIONS</key>
				<string>NO</string>
				<key>ENABLE_STRICT_OBJC_MSGSEND</key>
				<string>YES</string>
				<key>GCC_C_LANGUAGE_STANDARD</key>
				<string>gnu99</string>
				<key>GCC_WARN_64_TO_32_BIT_CONVERSION</key>
				<string>YES</string>
				<key>GCC_WARN_ABOUT_RETURN_TYPE</key>
				<string>YES_ERROR</string>
				<key>GCC_WARN_UNDECLARED_SELECTOR</key>
				<string>YES</string>
				<key>GCC_WARN_UNINITIALIZED_AUTOS</key>
				<string>YES_AGGRESSIVE</string>
				<key>GCC_WARN_UNUSED_FUNCTION</key>
				<string>YES</string>
				<key>GCC_WARN_UNUSED_VARIABLE</key>
				<string>YES</string>
				<key>IPHONEOS_DEPLOYMENT_TARGET</key>
				<string>8.1</string>
				<key>MTL_ENABLE_DEBUG_INFO</key>
				<string>NO</string>
				<key>SDKROOT</key>
				<string>iphoneos</string>
				<key>SWIFT_OBJC_BRIDGING_HEADER</key>
				<string>TextCrunch/TextCrunch-Bridging-Header.h</string>
				<key>TARGETED_DEVICE_FAMILY</key>
				<string>1,2</string>
				<key>VALIDATE_PRODUCT</key>
				<string>YES</string>
			</dict>
			<key>isa</key>
			<string>XCBuildConfiguration</string>
			<key>name</key>
			<string>Release</string>
		</dict>
		<key>658FD0141A64789E004D056D</key>
		<dict>
			<key>buildConfigurations</key>
			<array>
				<string>658FD0151A64789E004D056D</string>
				<string>658FD0161A64789E004D056D</string>
			</array>
			<key>defaultConfigurationIsVisible</key>
			<string>0</string>
			<key>defaultConfigurationName</key>
			<string>Release</string>
			<key>isa</key>
			<string>XCConfigurationList</string>
		</dict>
		<key>658FD0151A64789E004D056D</key>
		<dict>
			<key>baseConfigurationReference</key>
			<string>068508C138C86F1EED8F7AE4</string>
			<key>buildSettings</key>
			<dict>
				<key>ASSETCATALOG_COMPILER_APPICON_NAME</key>
				<string>AppIcon</string>
				<key>CLANG_ENABLE_MODULES</key>
				<string>YES</string>
				<key>FRAMEWORK_SEARCH_PATHS</key>
				<array>
					<string>$(inherited)</string>
					<string>/Users/derek/Downloads/parse-library-1.6.1</string>
					<string>2</string>
					<string>$(PROJECT_DIR)/vendor</string>
				</array>
				<key>INFOPLIST_FILE</key>
				<string>TextCrunch/Info.plist</string>
				<key>IPHONEOS_DEPLOYMENT_TARGET</key>
				<string>8.1</string>
				<key>LD_RUNPATH_SEARCH_PATHS</key>
				<string>$(inherited) @executable_path/Frameworks</string>
				<key>LIBRARY_SEARCH_PATHS</key>
				<array>
					<string>$(inherited)</string>
					<string>$(PROJECT_DIR)/Pods/build/Debug-iphoneos</string>
				</array>
				<key>PRODUCT_NAME</key>
				<string>$(TARGET_NAME)</string>
				<key>SWIFT_OBJC_BRIDGING_HEADER</key>
				<string>TextCrunch/TextCrunch-Bridging-Header.h</string>
				<key>SWIFT_OPTIMIZATION_LEVEL</key>
				<string>-Onone</string>
			</dict>
			<key>isa</key>
			<string>XCBuildConfiguration</string>
			<key>name</key>
			<string>Debug</string>
		</dict>
		<key>658FD0161A64789E004D056D</key>
		<dict>
			<key>baseConfigurationReference</key>
			<string>13C06A76BB7E3789FF2562A7</string>
			<key>buildSettings</key>
			<dict>
				<key>ASSETCATALOG_COMPILER_APPICON_NAME</key>
				<string>AppIcon</string>
				<key>CLANG_ENABLE_MODULES</key>
				<string>YES</string>
				<key>FRAMEWORK_SEARCH_PATHS</key>
				<array>
					<string>$(inherited)</string>
					<string>/Users/derek/Downloads/parse-library-1.6.1</string>
					<string>2</string>
					<string>$(PROJECT_DIR)/vendor</string>
				</array>
				<key>INFOPLIST_FILE</key>
				<string>TextCrunch/Info.plist</string>
				<key>IPHONEOS_DEPLOYMENT_TARGET</key>
				<string>8.1</string>
				<key>LD_RUNPATH_SEARCH_PATHS</key>
				<string>$(inherited) @executable_path/Frameworks</string>
				<key>LIBRARY_SEARCH_PATHS</key>
				<array>
					<string>$(inherited)</string>
					<string>$(PROJECT_DIR)/Pods/build/Debug-iphoneos</string>
				</array>
				<key>PRODUCT_NAME</key>
				<string>$(TARGET_NAME)</string>
				<key>SWIFT_OBJC_BRIDGING_HEADER</key>
				<string>TextCrunch/TextCrunch-Bridging-Header.h</string>
			</dict>
			<key>isa</key>
			<string>XCBuildConfiguration</string>
			<key>name</key>
			<string>Release</string>
		</dict>
		<key>658FD01A1A648861004D056D</key>
		<dict>
			<key>fileEncoding</key>
			<string>4</string>
			<key>isa</key>
			<string>PBXFileReference</string>
			<key>lastKnownFileType</key>
			<string>sourcecode.swift</string>
			<key>lineEnding</key>
			<string>0</string>
			<key>path</key>
			<string>User.swift</string>
			<key>sourceTree</key>
			<string>&lt;group&gt;</string>
			<key>xcLanguageSpecificationIdentifier</key>
			<string>xcode.lang.swift</string>
		</dict>
		<key>658FD01B1A648861004D056D</key>
		<dict>
			<key>fileRef</key>
			<string>658FD01A1A648861004D056D</string>
			<key>isa</key>
			<string>PBXBuildFile</string>
		</dict>
		<key>65A9FD0E1A70571B0095F48C</key>
		<dict>
			<key>isa</key>
			<string>PBXFileReference</string>
			<key>lastKnownFileType</key>
			<string>sourcecode.c.h</string>
			<key>path</key>
			<string>TextCrunch-Bridging-Header.h</string>
			<key>sourceTree</key>
			<string>&lt;group&gt;</string>
		</dict>
		<key>65A9FD151A705A3B0095F48C</key>
		<dict>
			<key>isa</key>
			<string>PBXFileReference</string>
			<key>lastKnownFileType</key>
			<string>wrapper.framework</string>
			<key>name</key>
			<string>AudioToolbox.framework</string>
			<key>path</key>
			<string>System/Library/Frameworks/AudioToolbox.framework</string>
			<key>sourceTree</key>
			<string>SDKROOT</string>
		</dict>
		<key>65A9FD161A705A3B0095F48C</key>
		<dict>
			<key>fileRef</key>
			<string>65A9FD151A705A3B0095F48C</string>
			<key>isa</key>
			<string>PBXBuildFile</string>
		</dict>
		<key>65A9FD171A705A460095F48C</key>
		<dict>
			<key>isa</key>
			<string>PBXFileReference</string>
			<key>lastKnownFileType</key>
			<string>wrapper.framework</string>
			<key>name</key>
			<string>CFNetwork.framework</string>
			<key>path</key>
			<string>System/Library/Frameworks/CFNetwork.framework</string>
			<key>sourceTree</key>
			<string>SDKROOT</string>
		</dict>
		<key>65A9FD181A705A460095F48C</key>
		<dict>
			<key>fileRef</key>
			<string>65A9FD171A705A460095F48C</string>
			<key>isa</key>
			<string>PBXBuildFile</string>
		</dict>
		<key>65A9FD191A705A5D0095F48C</key>
		<dict>
			<key>isa</key>
			<string>PBXFileReference</string>
			<key>lastKnownFileType</key>
			<string>wrapper.framework</string>
			<key>name</key>
			<string>CoreGraphics.framework</string>
			<key>path</key>
			<string>System/Library/Frameworks/CoreGraphics.framework</string>
			<key>sourceTree</key>
			<string>SDKROOT</string>
		</dict>
		<key>65A9FD1A1A705A5D0095F48C</key>
		<dict>
			<key>fileRef</key>
			<string>65A9FD191A705A5D0095F48C</string>
			<key>isa</key>
			<string>PBXBuildFile</string>
		</dict>
		<key>65A9FD1B1A705A670095F48C</key>
		<dict>
			<key>isa</key>
			<string>PBXFileReference</string>
			<key>lastKnownFileType</key>
			<string>wrapper.framework</string>
			<key>name</key>
			<string>CoreLocation.framework</string>
			<key>path</key>
			<string>System/Library/Frameworks/CoreLocation.framework</string>
			<key>sourceTree</key>
			<string>SDKROOT</string>
		</dict>
		<key>65A9FD1C1A705A670095F48C</key>
		<dict>
			<key>fileRef</key>
			<string>65A9FD1B1A705A670095F48C</string>
			<key>isa</key>
			<string>PBXBuildFile</string>
		</dict>
		<key>65A9FD1D1A705A710095F48C</key>
		<dict>
			<key>isa</key>
			<string>PBXFileReference</string>
			<key>lastKnownFileType</key>
			<string>compiled.mach-o.dylib</string>
			<key>name</key>
			<string>libz.dylib</string>
			<key>path</key>
			<string>usr/lib/libz.dylib</string>
			<key>sourceTree</key>
			<string>SDKROOT</string>
		</dict>
		<key>65A9FD1E1A705A710095F48C</key>
		<dict>
			<key>fileRef</key>
			<string>65A9FD1D1A705A710095F48C</string>
			<key>isa</key>
			<string>PBXBuildFile</string>
		</dict>
		<key>65A9FD1F1A705A7B0095F48C</key>
		<dict>
			<key>isa</key>
			<string>PBXFileReference</string>
			<key>lastKnownFileType</key>
			<string>wrapper.framework</string>
			<key>name</key>
			<string>MobileCoreServices.framework</string>
			<key>path</key>
			<string>System/Library/Frameworks/MobileCoreServices.framework</string>
			<key>sourceTree</key>
			<string>SDKROOT</string>
		</dict>
		<key>65A9FD201A705A7B0095F48C</key>
		<dict>
			<key>fileRef</key>
			<string>65A9FD1F1A705A7B0095F48C</string>
			<key>isa</key>
			<string>PBXBuildFile</string>
		</dict>
		<key>65A9FD211A705A820095F48C</key>
		<dict>
			<key>isa</key>
			<string>PBXFileReference</string>
			<key>lastKnownFileType</key>
			<string>wrapper.framework</string>
			<key>name</key>
			<string>QuartzCore.framework</string>
			<key>path</key>
			<string>System/Library/Frameworks/QuartzCore.framework</string>
			<key>sourceTree</key>
			<string>SDKROOT</string>
		</dict>
		<key>65A9FD221A705A820095F48C</key>
		<dict>
			<key>fileRef</key>
			<string>65A9FD211A705A820095F48C</string>
			<key>isa</key>
			<string>PBXBuildFile</string>
		</dict>
		<key>65A9FD231A705A8A0095F48C</key>
		<dict>
			<key>isa</key>
			<string>PBXFileReference</string>
			<key>lastKnownFileType</key>
			<string>wrapper.framework</string>
			<key>name</key>
			<string>Security.framework</string>
			<key>path</key>
			<string>System/Library/Frameworks/Security.framework</string>
			<key>sourceTree</key>
			<string>SDKROOT</string>
		</dict>
		<key>65A9FD241A705A8A0095F48C</key>
		<dict>
			<key>fileRef</key>
			<string>65A9FD231A705A8A0095F48C</string>
			<key>isa</key>
			<string>PBXBuildFile</string>
		</dict>
		<key>65A9FD251A705A910095F48C</key>
		<dict>
			<key>isa</key>
			<string>PBXFileReference</string>
			<key>lastKnownFileType</key>
			<string>wrapper.framework</string>
			<key>name</key>
			<string>StoreKit.framework</string>
			<key>path</key>
			<string>System/Library/Frameworks/StoreKit.framework</string>
			<key>sourceTree</key>
			<string>SDKROOT</string>
		</dict>
		<key>65A9FD261A705A910095F48C</key>
		<dict>
			<key>fileRef</key>
			<string>65A9FD251A705A910095F48C</string>
			<key>isa</key>
			<string>PBXBuildFile</string>
		</dict>
		<key>65A9FD271A705A9B0095F48C</key>
		<dict>
			<key>isa</key>
			<string>PBXFileReference</string>
			<key>lastKnownFileType</key>
			<string>wrapper.framework</string>
			<key>name</key>
			<string>SystemConfiguration.framework</string>
			<key>path</key>
			<string>System/Library/Frameworks/SystemConfiguration.framework</string>
			<key>sourceTree</key>
			<string>SDKROOT</string>
		</dict>
		<key>65A9FD281A705A9B0095F48C</key>
		<dict>
			<key>fileRef</key>
			<string>65A9FD271A705A9B0095F48C</string>
			<key>isa</key>
			<string>PBXBuildFile</string>
		</dict>
		<key>65A9FD2B1A705B400095F48C</key>
		<dict>
			<key>isa</key>
			<string>PBXFileReference</string>
			<key>lastKnownFileType</key>
			<string>compiled.mach-o.dylib</string>
			<key>name</key>
			<string>libsqlite3.0.dylib</string>
			<key>path</key>
			<string>usr/lib/libsqlite3.0.dylib</string>
			<key>sourceTree</key>
			<string>SDKROOT</string>
		</dict>
		<key>65A9FD2C1A705B400095F48C</key>
		<dict>
			<key>fileRef</key>
			<string>65A9FD2B1A705B400095F48C</string>
			<key>isa</key>
			<string>PBXBuildFile</string>
		</dict>
		<key>AD73EC2E505D03FEF98DADE1</key>
		<dict>
			<key>children</key>
			<array>
				<string>068508C138C86F1EED8F7AE4</string>
				<string>13C06A76BB7E3789FF2562A7</string>
			</array>
			<key>isa</key>
			<string>PBXGroup</string>
			<key>name</key>
			<string>Pods</string>
			<key>sourceTree</key>
			<string>&lt;group&gt;</string>
		</dict>
		<key>C57A014884DC5D1A76B6E9BD</key>
		<dict>
			<key>children</key>
			<array>
				<string>272B0846C036B703D8260379</string>
			</array>
			<key>isa</key>
			<string>PBXGroup</string>
			<key>name</key>
			<string>Frameworks</string>
			<key>sourceTree</key>
			<string>&lt;group&gt;</string>
		</dict>
	</dict>
	<key>rootObject</key>
	<string>658FCFED1A64789E004D056D</string>
</dict>
</plist>
