// !$*UTF8*$!
{
	archiveVersion = 1;
	classes = {
	};
	objectVersion = 46;
	objects = {

/* Begin PBXBuildFile section */
		18B489971A7D5FAD00541D06 /* UserController.swift in Sources */ = {isa = PBXBuildFile; fileRef = 18B489961A7D5FAD00541D06 /* UserController.swift */; };
		18B4899B1A7D66C100541D06 /* TwitterUserController.swift in Sources */ = {isa = PBXBuildFile; fileRef = 18B4899A1A7D66C100541D06 /* TwitterUserController.swift */; };
		18B4899D1A7D66D100541D06 /* FBUserController.swift in Sources */ = {isa = PBXBuildFile; fileRef = 18B4899C1A7D66D100541D06 /* FBUserController.swift */; };
		18B4899F1A7D66E000541D06 /* GoogleUserController.swift in Sources */ = {isa = PBXBuildFile; fileRef = 18B4899E1A7D66E000541D06 /* GoogleUserController.swift */; };
		658FCFFB1A64789E004D056D /* AppDelegate.swift in Sources */ = {isa = PBXBuildFile; fileRef = 658FCFFA1A64789E004D056D /* AppDelegate.swift */; };
		658FCFFD1A64789E004D056D /* ViewController.swift in Sources */ = {isa = PBXBuildFile; fileRef = 658FCFFC1A64789E004D056D /* ViewController.swift */; };
		658FD0001A64789E004D056D /* Main.storyboard in Resources */ = {isa = PBXBuildFile; fileRef = 658FCFFE1A64789E004D056D /* Main.storyboard */; };
		658FD0021A64789E004D056D /* Images.xcassets in Resources */ = {isa = PBXBuildFile; fileRef = 658FD0011A64789E004D056D /* Images.xcassets */; };
		658FD0051A64789E004D056D /* LaunchScreen.xib in Resources */ = {isa = PBXBuildFile; fileRef = 658FD0031A64789E004D056D /* LaunchScreen.xib */; };
		658FD0111A64789E004D056D /* TextCrunchTests.swift in Sources */ = {isa = PBXBuildFile; fileRef = 658FD0101A64789E004D056D /* TextCrunchTests.swift */; };
		658FD01B1A648861004D056D /* UserModel.swift in Sources */ = {isa = PBXBuildFile; fileRef = 658FD01A1A648861004D056D /* UserModel.swift */; };
		65A9FD161A705A3B0095F48C /* AudioToolbox.framework in Frameworks */ = {isa = PBXBuildFile; fileRef = 65A9FD151A705A3B0095F48C /* AudioToolbox.framework */; };
		65A9FD181A705A460095F48C /* CFNetwork.framework in Frameworks */ = {isa = PBXBuildFile; fileRef = 65A9FD171A705A460095F48C /* CFNetwork.framework */; };
		65A9FD1A1A705A5D0095F48C /* CoreGraphics.framework in Frameworks */ = {isa = PBXBuildFile; fileRef = 65A9FD191A705A5D0095F48C /* CoreGraphics.framework */; };
		65A9FD1C1A705A670095F48C /* CoreLocation.framework in Frameworks */ = {isa = PBXBuildFile; fileRef = 65A9FD1B1A705A670095F48C /* CoreLocation.framework */; };
		65A9FD1E1A705A710095F48C /* libz.dylib in Frameworks */ = {isa = PBXBuildFile; fileRef = 65A9FD1D1A705A710095F48C /* libz.dylib */; };
		65A9FD201A705A7B0095F48C /* MobileCoreServices.framework in Frameworks */ = {isa = PBXBuildFile; fileRef = 65A9FD1F1A705A7B0095F48C /* MobileCoreServices.framework */; };
		65A9FD221A705A820095F48C /* QuartzCore.framework in Frameworks */ = {isa = PBXBuildFile; fileRef = 65A9FD211A705A820095F48C /* QuartzCore.framework */; };
		65A9FD241A705A8A0095F48C /* Security.framework in Frameworks */ = {isa = PBXBuildFile; fileRef = 65A9FD231A705A8A0095F48C /* Security.framework */; };
		65A9FD261A705A910095F48C /* StoreKit.framework in Frameworks */ = {isa = PBXBuildFile; fileRef = 65A9FD251A705A910095F48C /* StoreKit.framework */; };
		65A9FD281A705A9B0095F48C /* SystemConfiguration.framework in Frameworks */ = {isa = PBXBuildFile; fileRef = 65A9FD271A705A9B0095F48C /* SystemConfiguration.framework */; };
		65A9FD2C1A705B400095F48C /* libsqlite3.0.dylib in Frameworks */ = {isa = PBXBuildFile; fileRef = 65A9FD2B1A705B400095F48C /* libsqlite3.0.dylib */; };
		65A9FD301A705C8D0095F48C /* Bolts.framework in Frameworks */ = {isa = PBXBuildFile; fileRef = 65A9FD2E1A705C8D0095F48C /* Bolts.framework */; };
		65A9FD311A705C8D0095F48C /* Parse.framework in Frameworks */ = {isa = PBXBuildFile; fileRef = 65A9FD2F1A705C8D0095F48C /* Parse.framework */; };
/* End PBXBuildFile section */

/* Begin PBXContainerItemProxy section */
		658FD00B1A64789E004D056D /* PBXContainerItemProxy */ = {
			isa = PBXContainerItemProxy;
			containerPortal = 658FCFED1A64789E004D056D /* Project object */;
			proxyType = 1;
			remoteGlobalIDString = 658FCFF41A64789E004D056D;
			remoteInfo = TextCrunch;
		};
/* End PBXContainerItemProxy section */

/* Begin PBXFileReference section */
		18B489961A7D5FAD00541D06 /* UserController.swift */ = {isa = PBXFileReference; fileEncoding = 4; lastKnownFileType = sourcecode.swift; path = UserController.swift; sourceTree = "<group>"; };
		18B4899A1A7D66C100541D06 /* TwitterUserController.swift */ = {isa = PBXFileReference; fileEncoding = 4; lastKnownFileType = sourcecode.swift; path = TwitterUserController.swift; sourceTree = "<group>"; };
		18B4899C1A7D66D100541D06 /* FBUserController.swift */ = {isa = PBXFileReference; fileEncoding = 4; lastKnownFileType = sourcecode.swift; path = FBUserController.swift; sourceTree = "<group>"; };
		18B4899E1A7D66E000541D06 /* GoogleUserController.swift */ = {isa = PBXFileReference; fileEncoding = 4; lastKnownFileType = sourcecode.swift; path = GoogleUserController.swift; sourceTree = "<group>"; };
		658FCFF51A64789E004D056D /* TextCrunch.app */ = {isa = PBXFileReference; explicitFileType = wrapper.application; includeInIndex = 0; path = TextCrunch.app; sourceTree = BUILT_PRODUCTS_DIR; };
		658FCFF91A64789E004D056D /* Info.plist */ = {isa = PBXFileReference; lastKnownFileType = text.plist.xml; path = Info.plist; sourceTree = "<group>"; };
		658FCFFA1A64789E004D056D /* AppDelegate.swift */ = {isa = PBXFileReference; lastKnownFileType = sourcecode.swift; path = AppDelegate.swift; sourceTree = "<group>"; };
		658FCFFC1A64789E004D056D /* ViewController.swift */ = {isa = PBXFileReference; lastKnownFileType = sourcecode.swift; path = ViewController.swift; sourceTree = "<group>"; };
		658FCFFF1A64789E004D056D /* Base */ = {isa = PBXFileReference; lastKnownFileType = file.storyboard; name = Base; path = Base.lproj/Main.storyboard; sourceTree = "<group>"; };
		658FD0011A64789E004D056D /* Images.xcassets */ = {isa = PBXFileReference; lastKnownFileType = folder.assetcatalog; path = Images.xcassets; sourceTree = "<group>"; };
		658FD0041A64789E004D056D /* Base */ = {isa = PBXFileReference; lastKnownFileType = file.xib; name = Base; path = Base.lproj/LaunchScreen.xib; sourceTree = "<group>"; };
		658FD00A1A64789E004D056D /* TextCrunchTests.xctest */ = {isa = PBXFileReference; explicitFileType = wrapper.cfbundle; includeInIndex = 0; path = TextCrunchTests.xctest; sourceTree = BUILT_PRODUCTS_DIR; };
		658FD00F1A64789E004D056D /* Info.plist */ = {isa = PBXFileReference; lastKnownFileType = text.plist.xml; path = Info.plist; sourceTree = "<group>"; };
		658FD0101A64789E004D056D /* TextCrunchTests.swift */ = {isa = PBXFileReference; lastKnownFileType = sourcecode.swift; path = TextCrunchTests.swift; sourceTree = "<group>"; };
		658FD01A1A648861004D056D /* UserModel.swift */ = {isa = PBXFileReference; fileEncoding = 4; lastKnownFileType = sourcecode.swift; path = UserModel.swift; sourceTree = "<group>"; };
		65A9FD0E1A70571B0095F48C /* TextCrunch-Bridging-Header.h */ = {isa = PBXFileReference; lastKnownFileType = sourcecode.c.h; path = "TextCrunch-Bridging-Header.h"; sourceTree = "<group>"; };
		65A9FD131A7059870095F48C /* ParseFacebookUtils.framework */ = {isa = PBXFileReference; lastKnownFileType = wrapper.framework; name = ParseFacebookUtils.framework; path = "../../Downloads/parse-library-1.6.1 2/ParseFacebookUtils.framework"; sourceTree = "<group>"; };
		65A9FD151A705A3B0095F48C /* AudioToolbox.framework */ = {isa = PBXFileReference; lastKnownFileType = wrapper.framework; name = AudioToolbox.framework; path = System/Library/Frameworks/AudioToolbox.framework; sourceTree = SDKROOT; };
		65A9FD171A705A460095F48C /* CFNetwork.framework */ = {isa = PBXFileReference; lastKnownFileType = wrapper.framework; name = CFNetwork.framework; path = System/Library/Frameworks/CFNetwork.framework; sourceTree = SDKROOT; };
		65A9FD191A705A5D0095F48C /* CoreGraphics.framework */ = {isa = PBXFileReference; lastKnownFileType = wrapper.framework; name = CoreGraphics.framework; path = System/Library/Frameworks/CoreGraphics.framework; sourceTree = SDKROOT; };
		65A9FD1B1A705A670095F48C /* CoreLocation.framework */ = {isa = PBXFileReference; lastKnownFileType = wrapper.framework; name = CoreLocation.framework; path = System/Library/Frameworks/CoreLocation.framework; sourceTree = SDKROOT; };
		65A9FD1D1A705A710095F48C /* libz.dylib */ = {isa = PBXFileReference; lastKnownFileType = "compiled.mach-o.dylib"; name = libz.dylib; path = usr/lib/libz.dylib; sourceTree = SDKROOT; };
		65A9FD1F1A705A7B0095F48C /* MobileCoreServices.framework */ = {isa = PBXFileReference; lastKnownFileType = wrapper.framework; name = MobileCoreServices.framework; path = System/Library/Frameworks/MobileCoreServices.framework; sourceTree = SDKROOT; };
		65A9FD211A705A820095F48C /* QuartzCore.framework */ = {isa = PBXFileReference; lastKnownFileType = wrapper.framework; name = QuartzCore.framework; path = System/Library/Frameworks/QuartzCore.framework; sourceTree = SDKROOT; };
		65A9FD231A705A8A0095F48C /* Security.framework */ = {isa = PBXFileReference; lastKnownFileType = wrapper.framework; name = Security.framework; path = System/Library/Frameworks/Security.framework; sourceTree = SDKROOT; };
		65A9FD251A705A910095F48C /* StoreKit.framework */ = {isa = PBXFileReference; lastKnownFileType = wrapper.framework; name = StoreKit.framework; path = System/Library/Frameworks/StoreKit.framework; sourceTree = SDKROOT; };
		65A9FD271A705A9B0095F48C /* SystemConfiguration.framework */ = {isa = PBXFileReference; lastKnownFileType = wrapper.framework; name = SystemConfiguration.framework; path = System/Library/Frameworks/SystemConfiguration.framework; sourceTree = SDKROOT; };
		65A9FD2B1A705B400095F48C /* libsqlite3.0.dylib */ = {isa = PBXFileReference; lastKnownFileType = "compiled.mach-o.dylib"; name = libsqlite3.0.dylib; path = usr/lib/libsqlite3.0.dylib; sourceTree = SDKROOT; };
		65A9FD2E1A705C8D0095F48C /* Bolts.framework */ = {isa = PBXFileReference; lastKnownFileType = wrapper.framework; name = Bolts.framework; path = vendor/Bolts.framework; sourceTree = "<group>"; };
		65A9FD2F1A705C8D0095F48C /* Parse.framework */ = {isa = PBXFileReference; lastKnownFileType = wrapper.framework; name = Parse.framework; path = vendor/Parse.framework; sourceTree = "<group>"; };
/* End PBXFileReference section */

/* Begin PBXFrameworksBuildPhase section */
		658FCFF21A64789E004D056D /* Frameworks */ = {
			isa = PBXFrameworksBuildPhase;
			buildActionMask = 2147483647;
			files = (
				65A9FD301A705C8D0095F48C /* Bolts.framework in Frameworks */,
				65A9FD311A705C8D0095F48C /* Parse.framework in Frameworks */,
				65A9FD2C1A705B400095F48C /* libsqlite3.0.dylib in Frameworks */,
				65A9FD281A705A9B0095F48C /* SystemConfiguration.framework in Frameworks */,
				65A9FD261A705A910095F48C /* StoreKit.framework in Frameworks */,
				65A9FD241A705A8A0095F48C /* Security.framework in Frameworks */,
				65A9FD221A705A820095F48C /* QuartzCore.framework in Frameworks */,
				65A9FD201A705A7B0095F48C /* MobileCoreServices.framework in Frameworks */,
				65A9FD1E1A705A710095F48C /* libz.dylib in Frameworks */,
				65A9FD1C1A705A670095F48C /* CoreLocation.framework in Frameworks */,
				65A9FD1A1A705A5D0095F48C /* CoreGraphics.framework in Frameworks */,
				65A9FD181A705A460095F48C /* CFNetwork.framework in Frameworks */,
				65A9FD161A705A3B0095F48C /* AudioToolbox.framework in Frameworks */,
			);
			runOnlyForDeploymentPostprocessing = 0;
		};
		658FD0071A64789E004D056D /* Frameworks */ = {
			isa = PBXFrameworksBuildPhase;
			buildActionMask = 2147483647;
			files = (
			);
			runOnlyForDeploymentPostprocessing = 0;
		};
/* End PBXFrameworksBuildPhase section */

/* Begin PBXGroup section */
		658FCFEC1A64789E004D056D = {
			isa = PBXGroup;
			children = (
				65A9FD2E1A705C8D0095F48C /* Bolts.framework */,
				65A9FD2F1A705C8D0095F48C /* Parse.framework */,
				65A9FD2B1A705B400095F48C /* libsqlite3.0.dylib */,
				65A9FD271A705A9B0095F48C /* SystemConfiguration.framework */,
				65A9FD251A705A910095F48C /* StoreKit.framework */,
				65A9FD231A705A8A0095F48C /* Security.framework */,
				65A9FD211A705A820095F48C /* QuartzCore.framework */,
				65A9FD1F1A705A7B0095F48C /* MobileCoreServices.framework */,
				65A9FD1D1A705A710095F48C /* libz.dylib */,
				65A9FD1B1A705A670095F48C /* CoreLocation.framework */,
				65A9FD191A705A5D0095F48C /* CoreGraphics.framework */,
				65A9FD171A705A460095F48C /* CFNetwork.framework */,
				65A9FD151A705A3B0095F48C /* AudioToolbox.framework */,
				65A9FD131A7059870095F48C /* ParseFacebookUtils.framework */,
				658FCFF71A64789E004D056D /* TextCrunch */,
				658FD00D1A64789E004D056D /* TextCrunchTests */,
				658FCFF61A64789E004D056D /* Products */,
			);
			sourceTree = "<group>";
		};
		658FCFF61A64789E004D056D /* Products */ = {
			isa = PBXGroup;
			children = (
				658FCFF51A64789E004D056D /* TextCrunch.app */,
				658FD00A1A64789E004D056D /* TextCrunchTests.xctest */,
			);
			name = Products;
			sourceTree = "<group>";
		};
		658FCFF71A64789E004D056D /* TextCrunch */ = {
			isa = PBXGroup;
			children = (
				658FCFFA1A64789E004D056D /* AppDelegate.swift */,
				658FCFFC1A64789E004D056D /* ViewController.swift */,
				658FCFFE1A64789E004D056D /* Main.storyboard */,
				658FD0011A64789E004D056D /* Images.xcassets */,
				658FD0031A64789E004D056D /* LaunchScreen.xib */,
				658FCFF81A64789E004D056D /* Supporting Files */,
				658FD01A1A648861004D056D /* UserModel.swift */,
				65A9FD0E1A70571B0095F48C /* TextCrunch-Bridging-Header.h */,
				18B489961A7D5FAD00541D06 /* UserController.swift */,
				18B4899A1A7D66C100541D06 /* TwitterUserController.swift */,
				18B4899C1A7D66D100541D06 /* FBUserController.swift */,
				18B4899E1A7D66E000541D06 /* GoogleUserController.swift */,
			);
			path = TextCrunch;
			sourceTree = "<group>";
		};
		658FCFF81A64789E004D056D /* Supporting Files */ = {
			isa = PBXGroup;
			children = (
				658FCFF91A64789E004D056D /* Info.plist */,
			);
			name = "Supporting Files";
			sourceTree = "<group>";
		};
		658FD00D1A64789E004D056D /* TextCrunchTests */ = {
			isa = PBXGroup;
			children = (
				658FD0101A64789E004D056D /* TextCrunchTests.swift */,
				658FD00E1A64789E004D056D /* Supporting Files */,
			);
			path = TextCrunchTests;
			sourceTree = "<group>";
		};
		658FD00E1A64789E004D056D /* Supporting Files */ = {
			isa = PBXGroup;
			children = (
				658FD00F1A64789E004D056D /* Info.plist */,
			);
			name = "Supporting Files";
			sourceTree = "<group>";
		};
/* End PBXGroup section */

/* Begin PBXNativeTarget section */
		658FCFF41A64789E004D056D /* TextCrunch */ = {
			isa = PBXNativeTarget;
			buildConfigurationList = 658FD0141A64789E004D056D /* Build configuration list for PBXNativeTarget "TextCrunch" */;
			buildPhases = (
				658FCFF11A64789E004D056D /* Sources */,
				658FCFF21A64789E004D056D /* Frameworks */,
				658FCFF31A64789E004D056D /* Resources */,
			);
			buildRules = (
			);
			dependencies = (
			);
			name = TextCrunch;
			productName = TextCrunch;
			productReference = 658FCFF51A64789E004D056D /* TextCrunch.app */;
			productType = "com.apple.product-type.application";
		};
		658FD0091A64789E004D056D /* TextCrunchTests */ = {
			isa = PBXNativeTarget;
			buildConfigurationList = 658FD0171A64789E004D056D /* Build configuration list for PBXNativeTarget "TextCrunchTests" */;
			buildPhases = (
				658FD0061A64789E004D056D /* Sources */,
				658FD0071A64789E004D056D /* Frameworks */,
				658FD0081A64789E004D056D /* Resources */,
			);
			buildRules = (
			);
			dependencies = (
				658FD00C1A64789E004D056D /* PBXTargetDependency */,
			);
			name = TextCrunchTests;
			productName = TextCrunchTests;
			productReference = 658FD00A1A64789E004D056D /* TextCrunchTests.xctest */;
			productType = "com.apple.product-type.bundle.unit-test";
		};
/* End PBXNativeTarget section */

/* Begin PBXProject section */
		658FCFED1A64789E004D056D /* Project object */ = {
			isa = PBXProject;
			attributes = {
				LastUpgradeCheck = 0610;
				ORGANIZATIONNAME = "Text Crunch";
				TargetAttributes = {
					658FCFF41A64789E004D056D = {
						CreatedOnToolsVersion = 6.1.1;
					};
					658FD0091A64789E004D056D = {
						CreatedOnToolsVersion = 6.1.1;
						TestTargetID = 658FCFF41A64789E004D056D;
					};
				};
			};
			buildConfigurationList = 658FCFF01A64789E004D056D /* Build configuration list for PBXProject "TextCrunch" */;
			compatibilityVersion = "Xcode 3.2";
			developmentRegion = English;
			hasScannedForEncodings = 0;
			knownRegions = (
				en,
				Base,
			);
			mainGroup = 658FCFEC1A64789E004D056D;
			productRefGroup = 658FCFF61A64789E004D056D /* Products */;
			projectDirPath = "";
			projectRoot = "";
			targets = (
				658FCFF41A64789E004D056D /* TextCrunch */,
				658FD0091A64789E004D056D /* TextCrunchTests */,
			);
		};
/* End PBXProject section */

/* Begin PBXResourcesBuildPhase section */
		658FCFF31A64789E004D056D /* Resources */ = {
			isa = PBXResourcesBuildPhase;
			buildActionMask = 2147483647;
			files = (
				658FD0001A64789E004D056D /* Main.storyboard in Resources */,
				658FD0051A64789E004D056D /* LaunchScreen.xib in Resources */,
				658FD0021A64789E004D056D /* Images.xcassets in Resources */,
			);
			runOnlyForDeploymentPostprocessing = 0;
		};
		658FD0081A64789E004D056D /* Resources */ = {
			isa = PBXResourcesBuildPhase;
			buildActionMask = 2147483647;
			files = (
			);
			runOnlyForDeploymentPostprocessing = 0;
		};
/* End PBXResourcesBuildPhase section */

/* Begin PBXSourcesBuildPhase section */
		658FCFF11A64789E004D056D /* Sources */ = {
			isa = PBXSourcesBuildPhase;
			buildActionMask = 2147483647;
			files = (
				18B489971A7D5FAD00541D06 /* UserController.swift in Sources */,
				658FCFFD1A64789E004D056D /* ViewController.swift in Sources */,
				18B4899F1A7D66E000541D06 /* GoogleUserController.swift in Sources */,
				18B4899D1A7D66D100541D06 /* FBUserController.swift in Sources */,
				658FCFFB1A64789E004D056D /* AppDelegate.swift in Sources */,
				18B4899B1A7D66C100541D06 /* TwitterUserController.swift in Sources */,
				658FD01B1A648861004D056D /* UserModel.swift in Sources */,
			);
			runOnlyForDeploymentPostprocessing = 0;
		};
		658FD0061A64789E004D056D /* Sources */ = {
			isa = PBXSourcesBuildPhase;
			buildActionMask = 2147483647;
			files = (
				658FD0111A64789E004D056D /* TextCrunchTests.swift in Sources */,
			);
			runOnlyForDeploymentPostprocessing = 0;
		};
/* End PBXSourcesBuildPhase section */

/* Begin PBXTargetDependency section */
		658FD00C1A64789E004D056D /* PBXTargetDependency */ = {
			isa = PBXTargetDependency;
			target = 658FCFF41A64789E004D056D /* TextCrunch */;
			targetProxy = 658FD00B1A64789E004D056D /* PBXContainerItemProxy */;
		};
/* End PBXTargetDependency section */

/* Begin PBXVariantGroup section */
		658FCFFE1A64789E004D056D /* Main.storyboard */ = {
			isa = PBXVariantGroup;
			children = (
				658FCFFF1A64789E004D056D /* Base */,
			);
			name = Main.storyboard;
			sourceTree = "<group>";
		};
		658FD0031A64789E004D056D /* LaunchScreen.xib */ = {
			isa = PBXVariantGroup;
			children = (
				658FD0041A64789E004D056D /* Base */,
			);
			name = LaunchScreen.xib;
			sourceTree = "<group>";
		};
/* End PBXVariantGroup section */

/* Begin XCBuildConfiguration section */
		658FD0121A64789E004D056D /* Debug */ = {
			isa = XCBuildConfiguration;
			buildSettings = {
				ALWAYS_SEARCH_USER_PATHS = NO;
				CLANG_CXX_LANGUAGE_STANDARD = "gnu++0x";
				CLANG_CXX_LIBRARY = "libc++";
				CLANG_ENABLE_MODULES = YES;
				CLANG_ENABLE_OBJC_ARC = YES;
				CLANG_WARN_BOOL_CONVERSION = YES;
				CLANG_WARN_CONSTANT_CONVERSION = YES;
				CLANG_WARN_DIRECT_OBJC_ISA_USAGE = YES_ERROR;
				CLANG_WARN_EMPTY_BODY = YES;
				CLANG_WARN_ENUM_CONVERSION = YES;
				CLANG_WARN_INT_CONVERSION = YES;
				CLANG_WARN_OBJC_ROOT_CLASS = YES_ERROR;
				CLANG_WARN_UNREACHABLE_CODE = YES;
				CLANG_WARN__DUPLICATE_METHOD_MATCH = YES;
				"CODE_SIGN_IDENTITY[sdk=iphoneos*]" = "iPhone Developer";
				COPY_PHASE_STRIP = NO;
				ENABLE_STRICT_OBJC_MSGSEND = YES;
				GCC_C_LANGUAGE_STANDARD = gnu99;
				GCC_DYNAMIC_NO_PIC = NO;
				GCC_OPTIMIZATION_LEVEL = 0;
				GCC_PREPROCESSOR_DEFINITIONS = (
					"DEBUG=1",
					"$(inherited)",
				);
				GCC_SYMBOLS_PRIVATE_EXTERN = NO;
				GCC_WARN_64_TO_32_BIT_CONVERSION = YES;
				GCC_WARN_ABOUT_RETURN_TYPE = YES_ERROR;
				GCC_WARN_UNDECLARED_SELECTOR = YES;
				GCC_WARN_UNINITIALIZED_AUTOS = YES_AGGRESSIVE;
				GCC_WARN_UNUSED_FUNCTION = YES;
				GCC_WARN_UNUSED_VARIABLE = YES;
				IPHONEOS_DEPLOYMENT_TARGET = 8.1;
				MTL_ENABLE_DEBUG_INFO = YES;
				ONLY_ACTIVE_ARCH = YES;
				SDKROOT = iphoneos;
				SWIFT_OPTIMIZATION_LEVEL = "-Onone";
				TARGETED_DEVICE_FAMILY = "1,2";
			};
			name = Debug;
		};
		658FD0131A64789E004D056D /* Release */ = {
			isa = XCBuildConfiguration;
			buildSettings = {
				ALWAYS_SEARCH_USER_PATHS = NO;
				CLANG_CXX_LANGUAGE_STANDARD = "gnu++0x";
				CLANG_CXX_LIBRARY = "libc++";
				CLANG_ENABLE_MODULES = YES;
				CLANG_ENABLE_OBJC_ARC = YES;
				CLANG_WARN_BOOL_CONVERSION = YES;
				CLANG_WARN_CONSTANT_CONVERSION = YES;
				CLANG_WARN_DIRECT_OBJC_ISA_USAGE = YES_ERROR;
				CLANG_WARN_EMPTY_BODY = YES;
				CLANG_WARN_ENUM_CONVERSION = YES;
				CLANG_WARN_INT_CONVERSION = YES;
				CLANG_WARN_OBJC_ROOT_CLASS = YES_ERROR;
				CLANG_WARN_UNREACHABLE_CODE = YES;
				CLANG_WARN__DUPLICATE_METHOD_MATCH = YES;
				"CODE_SIGN_IDENTITY[sdk=iphoneos*]" = "iPhone Developer";
				COPY_PHASE_STRIP = YES;
				ENABLE_NS_ASSERTIONS = NO;
				ENABLE_STRICT_OBJC_MSGSEND = YES;
				GCC_C_LANGUAGE_STANDARD = gnu99;
				GCC_WARN_64_TO_32_BIT_CONVERSION = YES;
				GCC_WARN_ABOUT_RETURN_TYPE = YES_ERROR;
				GCC_WARN_UNDECLARED_SELECTOR = YES;
				GCC_WARN_UNINITIALIZED_AUTOS = YES_AGGRESSIVE;
				GCC_WARN_UNUSED_FUNCTION = YES;
				GCC_WARN_UNUSED_VARIABLE = YES;
				IPHONEOS_DEPLOYMENT_TARGET = 8.1;
				MTL_ENABLE_DEBUG_INFO = NO;
				SDKROOT = iphoneos;
				TARGETED_DEVICE_FAMILY = "1,2";
				VALIDATE_PRODUCT = YES;
			};
			name = Release;
		};
		658FD0151A64789E004D056D /* Debug */ = {
			isa = XCBuildConfiguration;
			buildSettings = {
				ASSETCATALOG_COMPILER_APPICON_NAME = AppIcon;
				CLANG_ENABLE_MODULES = YES;
				FRAMEWORK_SEARCH_PATHS = (
					"$(inherited)",
					"/Users/derek/Downloads/parse-library-1.6.1",
					2,
					"$(PROJECT_DIR)/vendor",
				);
				INFOPLIST_FILE = TextCrunch/Info.plist;
				IPHONEOS_DEPLOYMENT_TARGET = 7.1;
				LD_RUNPATH_SEARCH_PATHS = "$(inherited) @executable_path/Frameworks";
				PRODUCT_NAME = "$(TARGET_NAME)";
				SWIFT_OBJC_BRIDGING_HEADER = "TextCrunch/TextCrunch-Bridging-Header.h";
				SWIFT_OPTIMIZATION_LEVEL = "-Onone";
			};
			name = Debug;
		};
		658FD0161A64789E004D056D /* Release */ = {
			isa = XCBuildConfiguration;
			buildSettings = {
				ASSETCATALOG_COMPILER_APPICON_NAME = AppIcon;
				CLANG_ENABLE_MODULES = YES;
				FRAMEWORK_SEARCH_PATHS = (
					"$(inherited)",
					"/Users/derek/Downloads/parse-library-1.6.1",
					2,
					"$(PROJECT_DIR)/vendor",
				);
				INFOPLIST_FILE = TextCrunch/Info.plist;
				IPHONEOS_DEPLOYMENT_TARGET = 7.1;
				LD_RUNPATH_SEARCH_PATHS = "$(inherited) @executable_path/Frameworks";
				PRODUCT_NAME = "$(TARGET_NAME)";
				SWIFT_OBJC_BRIDGING_HEADER = "TextCrunch/TextCrunch-Bridging-Header.h";
			};
			name = Release;
		};
		658FD0181A64789E004D056D /* Debug */ = {
			isa = XCBuildConfiguration;
			buildSettings = {
				BUNDLE_LOADER = "$(TEST_HOST)";
				FRAMEWORK_SEARCH_PATHS = (
					"$(SDKROOT)/Developer/Library/Frameworks",
					"$(inherited)",
				);
				GCC_PREPROCESSOR_DEFINITIONS = (
					"DEBUG=1",
					"$(inherited)",
				);
				INFOPLIST_FILE = TextCrunchTests/Info.plist;
				LD_RUNPATH_SEARCH_PATHS = "$(inherited) @executable_path/Frameworks @loader_path/Frameworks";
				PRODUCT_NAME = "$(TARGET_NAME)";
				TEST_HOST = "$(BUILT_PRODUCTS_DIR)/TextCrunch.app/TextCrunch";
			};
			name = Debug;
		};
		658FD0191A64789E004D056D /* Release */ = {
			isa = XCBuildConfiguration;
			buildSettings = {
				BUNDLE_LOADER = "$(TEST_HOST)";
				FRAMEWORK_SEARCH_PATHS = (
					"$(SDKROOT)/Developer/Library/Frameworks",
					"$(inherited)",
				);
				INFOPLIST_FILE = TextCrunchTests/Info.plist;
				LD_RUNPATH_SEARCH_PATHS = "$(inherited) @executable_path/Frameworks @loader_path/Frameworks";
				PRODUCT_NAME = "$(TARGET_NAME)";
				TEST_HOST = "$(BUILT_PRODUCTS_DIR)/TextCrunch.app/TextCrunch";
			};
			name = Release;
		};
/* End XCBuildConfiguration section */

/* Begin XCConfigurationList section */
		658FCFF01A64789E004D056D /* Build configuration list for PBXProject "TextCrunch" */ = {
			isa = XCConfigurationList;
			buildConfigurations = (
				658FD0121A64789E004D056D /* Debug */,
				658FD0131A64789E004D056D /* Release */,
			);
			defaultConfigurationIsVisible = 0;
			defaultConfigurationName = Release;
		};
		658FD0141A64789E004D056D /* Build configuration list for PBXNativeTarget "TextCrunch" */ = {
			isa = XCConfigurationList;
			buildConfigurations = (
				658FD0151A64789E004D056D /* Debug */,
				658FD0161A64789E004D056D /* Release */,
			);
			defaultConfigurationIsVisible = 0;
			defaultConfigurationName = Release;
		};
		658FD0171A64789E004D056D /* Build configuration list for PBXNativeTarget "TextCrunchTests" */ = {
			isa = XCConfigurationList;
			buildConfigurations = (
				658FD0181A64789E004D056D /* Debug */,
				658FD0191A64789E004D056D /* Release */,
			);
			defaultConfigurationIsVisible = 0;
			defaultConfigurationName = Release;
		};
/* End XCConfigurationList section */
	};
	rootObject = 658FCFED1A64789E004D056D /* Project object */;
}
